
Microsoft Visual Studio Solution File, Format Version 12.00
# Visual Studio Version 17
VisualStudioVersion = 17.3.32825.248
MinimumVisualStudioVersion = 15.0.26124.0
Project("{FAE04EC0-301F-11D3-BF4B-00C04F79EFBC}") = "Sample.EntityFramework", "Sample.EntityFramework\Sample.EntityFramework.csproj", "{72FEA818-7156-4B0E-9B33-FB9A137B8896}"
EndProject
Project("{FAE04EC0-301F-11D3-BF4B-00C04F79EFBC}") = "Sample.ConsoleApp", "Sample.ConsoleApp\Sample.ConsoleApp.csproj", "{3D9E4BEE-303E-4A62-B34C-FF1D8ED4D83F}"
EndProject
Global
	GlobalSection(SolutionConfigurationPlatforms) = preSolution
		Debug|Any CPU = Debug|Any CPU
		Release|Any CPU = Release|Any CPU
	EndGlobalSection
	GlobalSection(ProjectConfigurationPlatforms) = postSolution
		{72FEA818-7156-4B0E-9B33-FB9A137B8896}.Debug|Any CPU.ActiveCfg = Debug|Any CPU
		{72FEA818-7156-4B0E-9B33-FB9A137B8896}.Debug|Any CPU.Build.0 = Debug|Any CPU
		{72FEA818-7156-4B0E-9B33-FB9A137B8896}.Release|Any CPU.ActiveCfg = Release|Any CPU
		{72FEA818-7156-4B0E-9B33-FB9A137B8896}.Release|Any CPU.Build.0 = Release|Any CPU
		{3D9E4BEE-303E-4A62-B34C-FF1D8ED4D83F}.Debug|Any CPU.ActiveCfg = Debug|Any CPU
		{3D9E4BEE-303E-4A62-B34C-FF1D8ED4D83F}.Debug|Any CPU.Build.0 = Debug|Any CPU
		{3D9E4BEE-303E-4A62-B34C-FF1D8ED4D83F}.Release|Any CPU.ActiveCfg = Release|Any CPU
		{3D9E4BEE-303E-4A62-B34C-FF1D8ED4D83F}.Release|Any CPU.Build.0 = Release|Any CPU
	EndGlobalSection
	GlobalSection(SolutionProperties) = preSolution
		HideSolutionNode = FALSE
	EndGlobalSection
	GlobalSection(ExtensibilityGlobals) = postSolution
		SolutionGuid = {C36C4CAA-D7C4-4E39-B423-0EDD622B57FE}
	EndGlobalSection
EndGlobal
